{
	"name": "leo-connector-sqlserver",
	"version": "3.0.2",
	"lockfileVersion": 1,
	"requires": true,
	"dependencies": {
		"arguments-extended": {
			"version": "0.0.3",
			"resolved": "https://registry.npmjs.org/arguments-extended/-/arguments-extended-0.0.3.tgz",
			"integrity": "sha1-YQfkkX0OtvCk3WYyD8Fa/HLvSUY=",
			"requires": {
				"extended": "~0.0.3",
				"is-extended": "~0.0.8"
			}
		},
		"array-extended": {
			"version": "0.0.11",
			"resolved": "https://registry.npmjs.org/array-extended/-/array-extended-0.0.11.tgz",
			"integrity": "sha1-1xRK50jek8pybxIQCdv/FibRZL0=",
			"requires": {
				"arguments-extended": "~0.0.3",
				"extended": "~0.0.3",
				"is-extended": "~0.0.3"
			}
		},
		"assertion-error": {
			"version": "1.1.0",
			"resolved": "https://registry.npmjs.org/assertion-error/-/assertion-error-1.1.0.tgz",
			"integrity": "sha512-jgsaNduz+ndvGyFt3uSuWqvy4lCnIJiovtouQN5JZHOKCS2QuhEdbcQHFhVksz2N2U9hXJo8odG7ETyWlEeuDw==",
			"dev": true
		},
		"async": {
			"version": "2.6.3",
			"resolved": "https://registry.npmjs.org/async/-/async-2.6.3.tgz",
			"integrity": "sha512-zflvls11DCy+dQWzTW2dzuilv8Z5X/pjfmZOWba6TNIVDm+2UDaJmXSOXlasHKfNBs8oo3M0aT50fDEWfKZjXg==",
			"requires": {
				"lodash": "^4.17.14"
			}
		},
		"babel-runtime": {
			"version": "6.26.0",
			"resolved": "https://registry.npmjs.org/babel-runtime/-/babel-runtime-6.26.0.tgz",
			"integrity": "sha1-llxwWGaOgrVde/4E/yM3vItWR/4=",
			"requires": {
				"core-js": "^2.4.0",
				"regenerator-runtime": "^0.11.0"
			}
		},
		"backoff": {
			"version": "2.5.0",
			"resolved": "https://registry.npmjs.org/backoff/-/backoff-2.5.0.tgz",
			"integrity": "sha1-9hbtqdPktmuMp/ynn2lXIsX44m8=",
			"requires": {
				"precond": "0.2"
			}
		},
		"big-number": {
			"version": "0.3.1",
			"resolved": "https://registry.npmjs.org/big-number/-/big-number-0.3.1.tgz",
			"integrity": "sha1-rHMCDApZu3nrF8LOLbd/d9l04BM="
		},
		"bl": {
			"version": "1.2.2",
			"resolved": "https://registry.npmjs.org/bl/-/bl-1.2.2.tgz",
			"integrity": "sha512-e8tQYnZodmebYDWGH7KMRvtzKXaJHx3BbilrgZCfvyLUYdKpK1t5PSPmpkny/SgiTSCnjfLW7v5rlONXVFkQEA==",
			"requires": {
				"readable-stream": "^2.3.5",
				"safe-buffer": "^5.1.1"
			}
		},
		"chai": {
			"version": "4.2.0",
			"resolved": "https://registry.npmjs.org/chai/-/chai-4.2.0.tgz",
			"integrity": "sha512-XQU3bhBukrOsQCuwZndwGcCVQHyZi53fQ6Ys1Fym7E4olpIqqZZhhoFJoaKVvV17lWQoXYwgWN2nF5crA8J2jw==",
			"dev": true,
			"requires": {
				"assertion-error": "^1.1.0",
				"check-error": "^1.0.2",
				"deep-eql": "^3.0.1",
				"get-func-name": "^2.0.0",
				"pathval": "^1.1.0",
				"type-detect": "^4.0.5"
			}
		},
		"check-error": {
			"version": "1.0.2",
			"resolved": "https://registry.npmjs.org/check-error/-/check-error-1.0.2.tgz",
			"integrity": "sha1-V00xLt2Iu13YkS6Sht1sCu1KrII=",
			"dev": true
		},
		"core-js": {
			"version": "2.6.11",
			"resolved": "https://registry.npmjs.org/core-js/-/core-js-2.6.11.tgz",
			"integrity": "sha512-5wjnpaT/3dV+XB4borEsnAYQchn00XSgTAWKDkEqv+K8KevjbzmofK6hfJ9TZIlpj2N0xQpazy7PiRQiWHqzWg=="
		},
		"core-util-is": {
			"version": "1.0.2",
			"resolved": "https://registry.npmjs.org/core-util-is/-/core-util-is-1.0.2.tgz",
			"integrity": "sha1-tf1UIgqivFq1eqtxQMlAdUUDwac="
		},
		"date-extended": {
			"version": "0.0.6",
			"resolved": "https://registry.npmjs.org/date-extended/-/date-extended-0.0.6.tgz",
			"integrity": "sha1-I4AtV90b94GIE/4MMuhRqG2iZ8k=",
			"requires": {
				"array-extended": "~0.0.3",
				"extended": "~0.0.3",
				"is-extended": "~0.0.3"
			}
		},
		"debug": {
			"version": "3.2.6",
			"resolved": "https://registry.npmjs.org/debug/-/debug-3.2.6.tgz",
			"integrity": "sha512-mel+jf7nrtEl5Pn1Qx46zARXKDpBbvzezse7p7LqINmdoIk8PYP5SySaxEmYv6TZ0JyEKA1hsCId6DIhgITtWQ==",
			"requires": {
				"ms": "^2.1.1"
			}
		},
		"declare.js": {
			"version": "0.0.8",
			"resolved": "https://registry.npmjs.org/declare.js/-/declare.js-0.0.8.tgz",
			"integrity": "sha1-BHit/5VkwAT1Hfc9i8E0AZ0o3N4="
		},
		"deep-eql": {
			"version": "3.0.1",
			"resolved": "https://registry.npmjs.org/deep-eql/-/deep-eql-3.0.1.tgz",
			"integrity": "sha512-+QeIQyN5ZuO+3Uk5DYh6/1eKO0m0YmJFGNmFHGACpf1ClL1nmlV/p4gNgbl2pJGxgXb4faqo6UE+M5ACEMyVcw==",
			"dev": true,
			"requires": {
				"type-detect": "^4.0.0"
			}
		},
		"depd": {
			"version": "1.1.2",
			"resolved": "https://registry.npmjs.org/depd/-/depd-1.1.2.tgz",
			"integrity": "sha1-m81S4UwJd2PnSbJ0xDRu0uVgtak="
		},
		"duplexer": {
			"version": "0.1.2",
			"resolved": "https://registry.npmjs.org/duplexer/-/duplexer-0.1.2.tgz",
			"integrity": "sha512-jtD6YG370ZCIi/9GTaJKQxWTZD045+4R4hTk/x1UyoqadyJ9x9CgSi1RlVDQF8U2sxLLSnFkCaMihqljHIWgMg=="
		},
		"duplexify": {
			"version": "3.7.1",
			"resolved": "https://registry.npmjs.org/duplexify/-/duplexify-3.7.1.tgz",
			"integrity": "sha512-07z8uv2wMyS51kKhD1KsdXJg5WQ6t93RneqRxUHnskXVtlYYkLqM0gqStQZ3pj073g687jPCHrqNfCzawLYh5g==",
			"requires": {
				"end-of-stream": "^1.0.0",
				"inherits": "^2.0.1",
				"readable-stream": "^2.0.0",
				"stream-shift": "^1.0.0"
			}
		},
		"end-of-stream": {
			"version": "1.4.4",
			"resolved": "https://registry.npmjs.org/end-of-stream/-/end-of-stream-1.4.4.tgz",
			"integrity": "sha512-+uw1inIHVPQoaVuHzRyXd21icM+cnt4CzD5rW+NC1wjOUSTOs+Te7FOv7AhN7vS9x/oIyhLP5PR1H+phQAHu5Q==",
			"requires": {
				"once": "^1.4.0"
			}
		},
		"event-stream": {
			"version": "4.0.1",
			"resolved": "https://registry.npmjs.org/event-stream/-/event-stream-4.0.1.tgz",
			"integrity": "sha512-qACXdu/9VHPBzcyhdOWR5/IahhGMf0roTeZJfzz077GwylcDd90yOHLouhmv7GJ5XzPi6ekaQWd8AvPP2nOvpA==",
			"requires": {
				"duplexer": "^0.1.1",
				"from": "^0.1.7",
				"map-stream": "0.0.7",
				"pause-stream": "^0.0.11",
				"split": "^1.0.1",
				"stream-combiner": "^0.2.2",
				"through": "^2.3.8"
			}
		},
		"extend": {
			"version": "3.0.2",
			"resolved": "https://registry.npmjs.org/extend/-/extend-3.0.2.tgz",
			"integrity": "sha512-fjquC59cD7CyW6urNXK0FBufkZcoiGG80wTuPujX590cB5Ttln20E2UB4S/WARVqhXffZl2LNgS+gQdPIIim/g=="
		},
		"extended": {
			"version": "0.0.6",
			"resolved": "https://registry.npmjs.org/extended/-/extended-0.0.6.tgz",
			"integrity": "sha1-f7i/e52uOXWG5IVwrP1kLHjlBmk=",
			"requires": {
				"extender": "~0.0.5"
			}
		},
		"extender": {
			"version": "0.0.10",
			"resolved": "https://registry.npmjs.org/extender/-/extender-0.0.10.tgz",
			"integrity": "sha1-WJwHSCvmGhRgttgfnCSqZ+jzJM0=",
			"requires": {
				"declare.js": "~0.0.4"
			}
		},
		"fast-csv": {
			"version": "2.5.0",
			"resolved": "https://registry.npmjs.org/fast-csv/-/fast-csv-2.5.0.tgz",
			"integrity": "sha512-M/9ezLU9/uDwvDZTt9sNFJa0iLDUsbhYJwPtnE0D9MjeuB6DY9wRCyUPZta9iI6cSz5wBWGaUPL61QH8h92cNA==",
			"requires": {
				"extended": "0.0.6",
				"is-extended": "0.0.10",
				"object-extended": "0.0.7",
				"safer-buffer": "^2.1.2",
				"string-extended": "0.0.8"
			}
		},
		"flush-write-stream": {
			"version": "2.0.0",
			"resolved": "https://registry.npmjs.org/flush-write-stream/-/flush-write-stream-2.0.0.tgz",
			"integrity": "sha512-uXClqPxT4xW0lcdSBheb2ObVU+kuqUk3Jk64EwieirEXZx9XUrVwp/JuBfKAWaM4T5Td/VL7QLDWPXp/MvGm/g==",
			"requires": {
				"inherits": "^2.0.3",
				"readable-stream": "^3.1.1"
			},
			"dependencies": {
				"readable-stream": {
					"version": "3.6.0",
					"resolved": "https://registry.npmjs.org/readable-stream/-/readable-stream-3.6.0.tgz",
					"integrity": "sha512-BViHy7LKeTz4oNnkcLJ+lVSL6vpiFeX6/d3oSH8zCW7UxP2onchk+vTGB143xuFjHS3deTgkKoXXymXqymiIdA==",
					"requires": {
						"inherits": "^2.0.3",
						"string_decoder": "^1.1.1",
						"util-deprecate": "^1.0.1"
					}
				}
			}
		},
		"from": {
			"version": "0.1.7",
			"resolved": "https://registry.npmjs.org/from/-/from-0.1.7.tgz",
			"integrity": "sha1-g8YK/Fi5xWmXAH7Rp2izqzA6RP4="
		},
		"generic-pool": {
			"version": "3.7.1",
			"resolved": "https://registry.npmjs.org/generic-pool/-/generic-pool-3.7.1.tgz",
			"integrity": "sha512-ug6DAZoNgWm6q5KhPFA+hzXfBLFQu5sTXxPpv44DmE0A2g+CiHoq9LTVdkXpZMkYVMoGw83F6W+WT0h0MFMK/w=="
		},
		"get-func-name": {
			"version": "2.0.0",
			"resolved": "https://registry.npmjs.org/get-func-name/-/get-func-name-2.0.0.tgz",
			"integrity": "sha1-6td0q+5y4gQJQzoGY2YCPdaIekE=",
			"dev": true
		},
		"iconv-lite": {
			"version": "0.4.24",
			"resolved": "https://registry.npmjs.org/iconv-lite/-/iconv-lite-0.4.24.tgz",
			"integrity": "sha512-v3MXnZAcvnywkTUEZomIActle7RXXeedOR31wwl7VlyoXO4Qi9arvSenNQWne1TcRwhCL1HwLI21bEqdpj8/rA==",
			"requires": {
				"safer-buffer": ">= 2.1.2 < 3"
			}
		},
		"inherits": {
			"version": "2.0.4",
			"resolved": "https://registry.npmjs.org/inherits/-/inherits-2.0.4.tgz",
			"integrity": "sha512-k/vGaX4/Yla3WzyMCvTQOXYeIHvqOKtnqBduzTHpzpQZzAskKMhZ2K+EnBiSM9zGSoIFeMpXKxa4dYeZIQqewQ=="
		},
		"ini": {
			"version": "1.3.5",
			"resolved": "https://registry.npmjs.org/ini/-/ini-1.3.5.tgz",
			"integrity": "sha512-RZY5huIKCMRWDUqZlEi72f/lmXKMvuszcMBduliQ3nnWbx9X/ZBQO7DijMEYS9EhHBb2qacRUMtC7svLwe0lcw=="
		},
		"is-extended": {
			"version": "0.0.10",
			"resolved": "https://registry.npmjs.org/is-extended/-/is-extended-0.0.10.tgz",
			"integrity": "sha1-JE4UDfdbscmjEG9BL/GC+1NKbWI=",
			"requires": {
				"extended": "~0.0.3"
			}
		},
		"isarray": {
			"version": "1.0.0",
			"resolved": "https://registry.npmjs.org/isarray/-/isarray-1.0.0.tgz",
			"integrity": "sha1-u5NdSFgsuhaMBoNJV6VKPgcSTxE="
		},
		"leo-aws": {
			"version": "2.0.1",
			"resolved": "https://registry.npmjs.org/leo-aws/-/leo-aws-2.0.1.tgz",
			"integrity": "sha512-40vq8BQklV96sZvN7fDRRmpKmY7p1CyZLIh1G4IkkokScw2QrqkhxOSs5H+A6xb7HBnt+IUvpgOXhwYe0+uOcQ==",
			"requires": {
				"async": "^2.6.1",
				"backoff": "^2.5.0",
				"leo-config": "1.1.0",
				"leo-logger": "1.0.1",
				"leo-streams": "2.0.0",
				"lodash": "^4.17.14",
				"lodash.merge": "^4.6.2"
			}
		},
		"leo-config": {
			"version": "1.1.0",
			"resolved": "https://registry.npmjs.org/leo-config/-/leo-config-1.1.0.tgz",
			"integrity": "sha512-h6G8cz/yBdkWG2pDfDLUsJ0cFkxXrfjkRni312REly5BwLTDliQecJYeYs9xjwKCxnub6QIMdwO8Ep2kgs2Lvw==",
			"requires": {
				"lodash.merge": "^4.6.1"
			}
		},
		"leo-connector-common": {
			"version": "4.0.6",
			"resolved": "https://registry.npmjs.org/leo-connector-common/-/leo-connector-common-4.0.6.tgz",
			"integrity": "sha512-PGvbJ08g6EQe7fAQ8AJyrdV6/WY0CAlBm2Ka/IYYE4mDFMpnLzTZdlf/q+QQSdRvXXPfZ3rL2sG6uHRygULjdA==",
			"requires": {
				"async": "2.6.3",
				"leo-aws": "2.0.1",
				"leo-logger": "1.0.1",
				"leo-sdk": "5.0.16",
				"leo-streams": "2.0.0",
				"moment": "2.24.0",
				"sqlstring": "2.3.1"
			}
		},
		"leo-logger": {
			"version": "1.0.1",
			"resolved": "https://registry.npmjs.org/leo-logger/-/leo-logger-1.0.1.tgz",
			"integrity": "sha512-mOXR35GHScpuYO+nbRU8jPeP5uK+QdhKXS+vUoSB6jq5ieQzgu2o6JD4kS+Qf5YIeI6wa/1P8aQ71uWREvLIrA==",
			"requires": {
				"lodash": "^4.17.10"
			}
		},
		"leo-sdk": {
			"version": "5.0.16",
			"resolved": "https://registry.npmjs.org/leo-sdk/-/leo-sdk-5.0.16.tgz",
			"integrity": "sha512-i7eREO8v18fdBl7WJlIW4RVYstcQCPbiKG5qsuqRxDEvvAy/UmB4A73qVSbcvxSQaXiPq2QbiqaFPjHKJwrw6Q==",
			"requires": {
				"async": "2.6.2",
				"backoff": "2.5.0",
				"event-stream": "4.0.1",
				"extend": "3.0.2",
				"fast-csv": "2.5.0",
				"flush-write-stream": "2.0.0",
				"ini": "1.3.5",
				"leo-aws": "2.0.1",
				"leo-config": "1.1.0",
				"leo-logger": "1.0.1",
				"leo-streams": "2.0.0",
				"lodash": "4.17.19",
				"moment": "2.24.0",
				"pump": "3.0.0",
				"pumpify": "1.5.1",
				"readable-stream": "3.4.0",
				"split2": "3.1.1",
				"through2": "3.0.1",
				"uuid": "3.3.2"
			},
			"dependencies": {
				"async": {
					"version": "2.6.2",
					"resolved": "https://registry.npmjs.org/async/-/async-2.6.2.tgz",
					"integrity": "sha512-H1qVYh1MYhEEFLsP97cVKqCGo7KfCyTt6uEWqsTBr9SO84oK9Uwbyd/yCW+6rKJLHksBNUVWZDAjfS+Ccx0Bbg==",
					"requires": {
						"lodash": "^4.17.11"
					}
				},
				"lodash": {
					"version": "4.17.19",
					"resolved": "https://registry.npmjs.org/lodash/-/lodash-4.17.19.tgz",
					"integrity": "sha512-JNvd8XER9GQX0v2qJgsaN/mzFCNA5BRe/j8JN9d+tWyGLSodKQHKFicdwNYzWwI3wjRnaKPsGj1XkBjx/F96DQ=="
				},
				"readable-stream": {
					"version": "3.4.0",
					"resolved": "https://registry.npmjs.org/readable-stream/-/readable-stream-3.4.0.tgz",
					"integrity": "sha512-jItXPLmrSR8jmTRmRWJXCnGJsfy85mB3Wd/uINMXA65yrnFo0cPClFIUWzo2najVNSl+mx7/4W8ttlLWJe99pQ==",
					"requires": {
						"inherits": "^2.0.3",
						"string_decoder": "^1.1.1",
						"util-deprecate": "^1.0.1"
					}
				},
				"split2": {
					"version": "3.1.1",
					"resolved": "https://registry.npmjs.org/split2/-/split2-3.1.1.tgz",
					"integrity": "sha512-emNzr1s7ruq4N+1993yht631/JH+jaj0NYBosuKmLcq+JkGQ9MmTw1RB1fGaTCzUuseRIClrlSLHRNYGwWQ58Q==",
					"requires": {
						"readable-stream": "^3.0.0"
					}
				},
				"through2": {
					"version": "3.0.1",
					"resolved": "https://registry.npmjs.org/through2/-/through2-3.0.1.tgz",
					"integrity": "sha512-M96dvTalPT3YbYLaKaCuwu+j06D/8Jfib0o/PxbVt6Amhv3dUAtW6rTV1jPgJSBG83I/e04Y6xkVdVhSRhi0ww==",
					"requires": {
						"readable-stream": "2 || 3"
					}
				},
				"uuid": {
					"version": "3.3.2",
					"resolved": "https://registry.npmjs.org/uuid/-/uuid-3.3.2.tgz",
					"integrity": "sha512-yXJmeNaw3DnnKAOKJE51sL/ZaYfWJRl1pK9dr19YFCu0ObS231AB1/LbqTKRAQ5kw8A90rA6fr4riOUpTZvQZA=="
				}
			}
		},
		"leo-streams": {
			"version": "2.0.0",
			"resolved": "https://registry.npmjs.org/leo-streams/-/leo-streams-2.0.0.tgz",
			"integrity": "sha512-7CkcyoTYoZ2BVtyTnqQvOWWHNDFdmDBZcuBGO4S+9g82feEoMfEye6mLgqPsz4fA768cwFJVilzumKEGjZ9Ysg==",
			"requires": {
				"backoff": "^2.5.0",
				"fast-csv": "^2.4.1",
				"leo-logger": "^1.0.1",
				"lodash.merge": "^4.6.2",
				"moment": "^2.22.2",
				"pump": "^3.0.0",
				"pumpify": "^1.5.1",
				"readable-stream": "^2.3.6",
				"split2": "^2.2.0",
				"through2": "^2.0.3"
			}
		},
		"lodash": {
			"version": "4.17.21",
			"resolved": "https://registry.npmjs.org/lodash/-/lodash-4.17.21.tgz",
			"integrity": "sha512-v2kDEe57lecTulaDIuNTPy3Ry4gLGJ6Z1O3vE1krgXZNrsQ+LFTGHVxVjcXPs17LhbZVGedAJv8XZ1tvj5FvSg=="
		},
		"lodash.merge": {
			"version": "4.6.2",
			"resolved": "https://registry.npmjs.org/lodash.merge/-/lodash.merge-4.6.2.tgz",
			"integrity": "sha512-0KpjqXRVvrYyCsX1swR/XTK0va6VQkQM6MNo7PqW77ByjAhoARA8EfrP1N4+KlKj8YS0ZUCtRT/YUuhyYDujIQ=="
		},
		"map-stream": {
			"version": "0.0.7",
			"resolved": "https://registry.npmjs.org/map-stream/-/map-stream-0.0.7.tgz",
			"integrity": "sha1-ih8HiW2CsQkmvTdEokIACfiJdKg="
		},
		"moment": {
			"version": "2.24.0",
			"resolved": "https://registry.npmjs.org/moment/-/moment-2.24.0.tgz",
			"integrity": "sha512-bV7f+6l2QigeBBZSM/6yTNq4P2fNpSWj/0e7jQcy87A8e7o2nAfP/34/2ky5Vw4B9S446EtIhodAzkFCcR4dQg=="
		},
		"ms": {
			"version": "2.1.2",
			"resolved": "https://registry.npmjs.org/ms/-/ms-2.1.2.tgz",
			"integrity": "sha512-sGkPx+VjMtmA6MX27oA4FBFELFCZZ4S4XqeGOXCv68tT+jb3vk/RyaKWP0PTKyWtmLSM0b+adUTEvbs1PEaH2w=="
		},
		"mssql": {
			"version": "4.3.7",
			"resolved": "https://registry.npmjs.org/mssql/-/mssql-4.3.7.tgz",
			"integrity": "sha512-+cs1uBD2Hut6UNeCnJHUeikWKIEhMTlr8s1bOw2BaVTPcyau1fFUqt1rQRilEq/GsyGkkzrE+TKw0jlvbW5cWQ==",
			"requires": {
				"debug": "^3.2.6",
				"generic-pool": "^3.6.1",
				"tedious": "^2.7.1"
			}
		},
		"native-duplexpair": {
			"version": "1.0.0",
			"resolved": "https://registry.npmjs.org/native-duplexpair/-/native-duplexpair-1.0.0.tgz",
			"integrity": "sha1-eJkHjmS/PIo9cyYBs9QP8F21j6A="
		},
		"object-extended": {
			"version": "0.0.7",
			"resolved": "https://registry.npmjs.org/object-extended/-/object-extended-0.0.7.tgz",
			"integrity": "sha1-hP0j9WsVWCrrPoiwXLVdJDLWijM=",
			"requires": {
				"array-extended": "~0.0.4",
				"extended": "~0.0.3",
				"is-extended": "~0.0.3"
			}
		},
		"once": {
			"version": "1.4.0",
			"resolved": "https://registry.npmjs.org/once/-/once-1.4.0.tgz",
			"integrity": "sha1-WDsap3WWHUsROsF9nFC6753Xa9E=",
			"requires": {
				"wrappy": "1"
			}
		},
		"pathval": {
			"version": "1.1.0",
			"resolved": "https://registry.npmjs.org/pathval/-/pathval-1.1.0.tgz",
			"integrity": "sha1-uULm1L3mUwBe9rcTYd74cn0GReA=",
			"dev": true
		},
		"pause-stream": {
			"version": "0.0.11",
			"resolved": "https://registry.npmjs.org/pause-stream/-/pause-stream-0.0.11.tgz",
			"integrity": "sha1-/lo0sMvOErWqaitAPuLnO2AvFEU=",
			"requires": {
				"through": "~2.3"
			}
		},
		"precond": {
			"version": "0.2.3",
			"resolved": "https://registry.npmjs.org/precond/-/precond-0.2.3.tgz",
			"integrity": "sha1-qpWRvKokkj8eD0hJ0kD0fvwQdaw="
		},
		"process-nextick-args": {
			"version": "2.0.1",
			"resolved": "https://registry.npmjs.org/process-nextick-args/-/process-nextick-args-2.0.1.tgz",
			"integrity": "sha512-3ouUOpQhtgrbOa17J7+uxOTpITYWaGP7/AhoR3+A+/1e9skrzelGi/dXzEYyvbxubEF6Wn2ypscTKiKJFFn1ag=="
		},
		"pump": {
			"version": "3.0.0",
			"resolved": "https://registry.npmjs.org/pump/-/pump-3.0.0.tgz",
			"integrity": "sha512-LwZy+p3SFs1Pytd/jYct4wpv49HiYCqd9Rlc5ZVdk0V+8Yzv6jR5Blk3TRmPL1ft69TxP0IMZGJ+WPFU2BFhww==",
			"requires": {
				"end-of-stream": "^1.1.0",
				"once": "^1.3.1"
			}
		},
		"pumpify": {
			"version": "1.5.1",
			"resolved": "https://registry.npmjs.org/pumpify/-/pumpify-1.5.1.tgz",
			"integrity": "sha512-oClZI37HvuUJJxSKKrC17bZ9Cu0ZYhEAGPsPUy9KlMUmv9dKX2o77RUmq7f3XjIxbwyGwYzbzQ1L2Ks8sIradQ==",
			"requires": {
				"duplexify": "^3.6.0",
				"inherits": "^2.0.3",
				"pump": "^2.0.0"
			},
			"dependencies": {
				"pump": {
					"version": "2.0.1",
					"resolved": "https://registry.npmjs.org/pump/-/pump-2.0.1.tgz",
					"integrity": "sha512-ruPMNRkN3MHP1cWJc9OWr+T/xDP0jhXYCLfJcBuX54hhfIBnaQmAUMfDcG4DM5UMWByBbJY69QSphm3jtDKIkA==",
					"requires": {
						"end-of-stream": "^1.1.0",
						"once": "^1.3.1"
					}
				}
			}
		},
		"punycode": {
			"version": "2.1.1",
			"resolved": "https://registry.npmjs.org/punycode/-/punycode-2.1.1.tgz",
			"integrity": "sha512-XRsRjdf+j5ml+y/6GKHPZbrF/8p2Yga0JPtdqTIY2Xe5ohJPD9saDJJLPvp9+NSBprVvevdXZybnj2cv8OEd0A=="
		},
		"readable-stream": {
			"version": "2.3.7",
			"resolved": "https://registry.npmjs.org/readable-stream/-/readable-stream-2.3.7.tgz",
			"integrity": "sha512-Ebho8K4jIbHAxnuxi7o42OrZgF/ZTNcsZj6nRKyUmkhLFq8CHItp/fy6hQZuZmP/n3yZ9VBUbp4zz/mX8hmYPw==",
			"requires": {
				"core-util-is": "~1.0.0",
				"inherits": "~2.0.3",
				"isarray": "~1.0.0",
				"process-nextick-args": "~2.0.0",
				"safe-buffer": "~5.1.1",
				"string_decoder": "~1.1.1",
				"util-deprecate": "~1.0.1"
			}
		},
		"regenerator-runtime": {
			"version": "0.11.1",
			"resolved": "https://registry.npmjs.org/regenerator-runtime/-/regenerator-runtime-0.11.1.tgz",
			"integrity": "sha512-MguG95oij0fC3QV3URf4V2SDYGJhJnJGqvIIgdECeODCT98wSWDAJ94SSuVpYQUoTcGUIL6L4yNB7j1DFFHSBg=="
		},
		"safe-buffer": {
			"version": "5.1.2",
			"resolved": "https://registry.npmjs.org/safe-buffer/-/safe-buffer-5.1.2.tgz",
			"integrity": "sha512-Gd2UZBJDkXlY7GbJxfsE8/nvKkUEU1G38c1siN6QP6a9PT9MmHB8GnpscSmMJSoF8LOIrt8ud/wPtojys4G6+g=="
		},
		"safer-buffer": {
			"version": "2.1.2",
			"resolved": "https://registry.npmjs.org/safer-buffer/-/safer-buffer-2.1.2.tgz",
			"integrity": "sha512-YZo3K82SD7Riyi0E1EQPojLz7kpepnSQI9IyPbHHg1XXXevb5dJI7tpyN2ADxGcQbHG7vcyRHk0cbwqcQriUtg=="
		},
		"split": {
			"version": "1.0.1",
			"resolved": "https://registry.npmjs.org/split/-/split-1.0.1.tgz",
			"integrity": "sha512-mTyOoPbrivtXnwnIxZRFYRrPNtEFKlpB2fvjSnCQUiAA6qAZzqwna5envK4uk6OIeP17CsdF3rSBGYVBsU0Tkg==",
			"requires": {
				"through": "2"
			}
		},
		"split2": {
			"version": "2.2.0",
			"resolved": "https://registry.npmjs.org/split2/-/split2-2.2.0.tgz",
			"integrity": "sha512-RAb22TG39LhI31MbreBgIuKiIKhVsawfTgEGqKHTK87aG+ul/PB8Sqoi3I7kVdRWiCfrKxK3uo4/YUkpNvhPbw==",
			"requires": {
				"through2": "^2.0.2"
			}
		},
		"sprintf-js": {
			"version": "1.1.2",
			"resolved": "https://registry.npmjs.org/sprintf-js/-/sprintf-js-1.1.2.tgz",
			"integrity": "sha512-VE0SOVEHCk7Qc8ulkWw3ntAzXuqf7S2lvwQaDLRnUeIEaKNQJzV6BwmLKhOqT61aGhfUMrXeaBk+oDGCzvhcug=="
		},
		"sqlstring": {
			"version": "2.3.1",
			"resolved": "https://registry.npmjs.org/sqlstring/-/sqlstring-2.3.1.tgz",
			"integrity": "sha1-R1OT/56RR5rqYtyvDKPRSYOn+0A="
		},
		"stream-combiner": {
			"version": "0.2.2",
			"resolved": "https://registry.npmjs.org/stream-combiner/-/stream-combiner-0.2.2.tgz",
			"integrity": "sha1-rsjLrBd7Vrb0+kec7YwZEs7lKFg=",
			"requires": {
				"duplexer": "~0.1.1",
				"through": "~2.3.4"
			}
		},
		"stream-shift": {
			"version": "1.0.1",
			"resolved": "https://registry.npmjs.org/stream-shift/-/stream-shift-1.0.1.tgz",
			"integrity": "sha512-AiisoFqQ0vbGcZgQPY1cdP2I76glaVA/RauYR4G4thNFgkTqr90yXTo4LYX60Jl+sIlPNHHdGSwo01AvbKUSVQ=="
		},
		"string-extended": {
			"version": "0.0.8",
			"resolved": "https://registry.npmjs.org/string-extended/-/string-extended-0.0.8.tgz",
			"integrity": "sha1-dBlX3/SHsCcqee7FpE8jnubxfM0=",
			"requires": {
				"array-extended": "~0.0.5",
				"date-extended": "~0.0.3",
				"extended": "~0.0.3",
				"is-extended": "~0.0.3"
			}
		},
		"string_decoder": {
			"version": "1.1.1",
			"resolved": "https://registry.npmjs.org/string_decoder/-/string_decoder-1.1.1.tgz",
			"integrity": "sha512-n/ShnvDi6FHbbVfviro+WojiFzv+s8MPMHBczVePfUpDJLwoLT0ht1l4YwBCbi8pJAveEEdnkHyPyTP/mzRfwg==",
			"requires": {
				"safe-buffer": "~5.1.0"
			}
		},
		"tedious": {
			"version": "2.7.1",
			"resolved": "https://registry.npmjs.org/tedious/-/tedious-2.7.1.tgz",
			"integrity": "sha512-u3ciATGm5byim91b3+c3MVTvY1zKjDmhUhnBQZXKymT2Vb9w322dziPQY6MhBNyBEcNONPsAMR+7/Uub7NYABQ==",
			"requires": {
				"babel-runtime": "^6.26.0",
				"big-number": "0.3.1",
				"bl": "^1.2.2",
				"depd": "^1.1.2",
				"iconv-lite": "^0.4.23",
				"native-duplexpair": "^1.0.0",
				"punycode": "^2.1.0",
				"readable-stream": "^2.3.6",
				"sprintf-js": "^1.1.1"
			}
		},
		"through": {
			"version": "2.3.8",
			"resolved": "https://registry.npmjs.org/through/-/through-2.3.8.tgz",
			"integrity": "sha1-DdTJ/6q8NXlgsbckEV1+Doai4fU="
		},
		"through2": {
			"version": "2.0.5",
			"resolved": "https://registry.npmjs.org/through2/-/through2-2.0.5.tgz",
			"integrity": "sha512-/mrRod8xqpA+IHSLyGCQ2s8SPHiCDEeQJSep1jqLYeEUClOFG2Qsh+4FU6G9VeqpZnGW/Su8LQGc4YKni5rYSQ==",
			"requires": {
				"readable-stream": "~2.3.6",
				"xtend": "~4.0.1"
			}
		},
		"type-detect": {
			"version": "4.0.8",
			"resolved": "https://registry.npmjs.org/type-detect/-/type-detect-4.0.8.tgz",
			"integrity": "sha512-0fr/mIH1dlO+x7TlcMy+bIDqKPsw/70tVyeHW787goQjhmqaZe10uwLujubK9q9Lg6Fiho1KUKDYz0Z7k7g5/g==",
			"dev": true
		},
		"util-deprecate": {
			"version": "1.0.2",
			"resolved": "https://registry.npmjs.org/util-deprecate/-/util-deprecate-1.0.2.tgz",
			"integrity": "sha1-RQ1Nyfpw3nMnYvvS1KKJgUGaDM8="
		},
		"uuid": {
			"version": "3.3.3",
			"resolved": "https://registry.npmjs.org/uuid/-/uuid-3.3.3.tgz",
			"integrity": "sha512-pW0No1RGHgzlpHJO1nsVrHKpOEIxkGg1xB+v0ZmdNH5OAeAwzAVrCnI2/6Mtx+Uys6iaylxa+D3g4j63IKKjSQ=="
		},
		"wrappy": {
			"version": "1.0.2",
			"resolved": "https://registry.npmjs.org/wrappy/-/wrappy-1.0.2.tgz",
			"integrity": "sha1-tSQ9jz7BqjXxNkYFvA0QNuMKtp8="
		},
		"xtend": {
			"version": "4.0.2",
			"resolved": "https://registry.npmjs.org/xtend/-/xtend-4.0.2.tgz",
			"integrity": "sha512-LKYU1iAXJXUgAXn9URjiu+MWhyUXHsvfp7mcuYm9dSUKK0/CjtrUwFAxD82/mCWbtLsGjFIad0wIsod4zrTAEQ=="
		}
	}
}
